// !$*UTF8*$!
{
	archiveVersion = 1;
	classes = {
	};
	objectVersion = 56;
	objects = {

/* Begin PBXBuildFile section */
		9E7148A8293659F300DD920B /* GuardadoCollectionViewCell.swift in Sources */ = {isa = PBXBuildFile; fileRef = 9E7148A7293659F300DD920B /* GuardadoCollectionViewCell.swift */; };
		9E7148AA29365BD400DD920B /* GuardaViewController.swift in Sources */ = {isa = PBXBuildFile; fileRef = 9E7148A929365BD400DD920B /* GuardaViewController.swift */; };
		9E7148AE2936734800DD920B /* MostrandoViewController.swift in Sources */ = {isa = PBXBuildFile; fileRef = 9E7148AD2936734800DD920B /* MostrandoViewController.swift */; };
		9ECDBC0A293514B8004A4408 /* AppDelegate.swift in Sources */ = {isa = PBXBuildFile; fileRef = 9ECDBC09293514B8004A4408 /* AppDelegate.swift */; };
		9ECDBC0C293514B8004A4408 /* SceneDelegate.swift in Sources */ = {isa = PBXBuildFile; fileRef = 9ECDBC0B293514B8004A4408 /* SceneDelegate.swift */; };
		9ECDBC11293514B8004A4408 /* Main.storyboard in Resources */ = {isa = PBXBuildFile; fileRef = 9ECDBC0F293514B8004A4408 /* Main.storyboard */; };
		9ECDBC13293514B9004A4408 /* Assets.xcassets in Resources */ = {isa = PBXBuildFile; fileRef = 9ECDBC12293514B9004A4408 /* Assets.xcassets */; };
		9ECDBC16293514B9004A4408 /* LaunchScreen.storyboard in Resources */ = {isa = PBXBuildFile; fileRef = 9ECDBC14293514B9004A4408 /* LaunchScreen.storyboard */; };
		9ECDBC1E29351555004A4408 /* InicioCollectionViewCell.xib in Resources */ = {isa = PBXBuildFile; fileRef = 9ECDBC1D29351555004A4408 /* InicioCollectionViewCell.xib */; };
		9ECDBC2029351564004A4408 /* InicioCollectionViewCell.swift in Sources */ = {isa = PBXBuildFile; fileRef = 9ECDBC1F29351564004A4408 /* InicioCollectionViewCell.swift */; };
		9ECDBC22293515AB004A4408 /* InicioViewController.swift in Sources */ = {isa = PBXBuildFile; fileRef = 9ECDBC21293515AB004A4408 /* InicioViewController.swift */; };
		9ECDBC24293515CF004A4408 /* InicioTableViewCell.swift in Sources */ = {isa = PBXBuildFile; fileRef = 9ECDBC23293515CF004A4408 /* InicioTableViewCell.swift */; };
/* End PBXBuildFile section */

/* Begin PBXFileReference section */
		9E7148A7293659F300DD920B /* GuardadoCollectionViewCell.swift */ = {isa = PBXFileReference; lastKnownFileType = sourcecode.swift; path = GuardadoCollectionViewCell.swift; sourceTree = "<group>"; };
		9E7148A929365BD400DD920B /* GuardaViewController.swift */ = {isa = PBXFileReference; lastKnownFileType = sourcecode.swift; path = GuardaViewController.swift; sourceTree = "<group>"; };
		9E7148AD2936734800DD920B /* MostrandoViewController.swift */ = {isa = PBXFileReference; lastKnownFileType = sourcecode.swift; path = MostrandoViewController.swift; sourceTree = "<group>"; };
		9ECDBC06293514B8004A4408 /* MiCartelera.app */ = {isa = PBXFileReference; explicitFileType = wrapper.application; includeInIndex = 0; path = MiCartelera.app; sourceTree = BUILT_PRODUCTS_DIR; };
		9ECDBC09293514B8004A4408 /* AppDelegate.swift */ = {isa = PBXFileReference; lastKnownFileType = sourcecode.swift; path = AppDelegate.swift; sourceTree = "<group>"; };
		9ECDBC0B293514B8004A4408 /* SceneDelegate.swift */ = {isa = PBXFileReference; lastKnownFileType = sourcecode.swift; path = SceneDelegate.swift; sourceTree = "<group>"; };
		9ECDBC10293514B8004A4408 /* Base */ = {isa = PBXFileReference; lastKnownFileType = file.storyboard; name = Base; path = Base.lproj/Main.storyboard; sourceTree = "<group>"; };
		9ECDBC12293514B9004A4408 /* Assets.xcassets */ = {isa = PBXFileReference; lastKnownFileType = folder.assetcatalog; path = Assets.xcassets; sourceTree = "<group>"; };
		9ECDBC15293514B9004A4408 /* Base */ = {isa = PBXFileReference; lastKnownFileType = file.storyboard; name = Base; path = Base.lproj/LaunchScreen.storyboard; sourceTree = "<group>"; };
		9ECDBC17293514B9004A4408 /* Info.plist */ = {isa = PBXFileReference; lastKnownFileType = text.plist.xml; path = Info.plist; sourceTree = "<group>"; };
		9ECDBC1D29351555004A4408 /* InicioCollectionViewCell.xib */ = {isa = PBXFileReference; fileEncoding = 4; lastKnownFileType = file.xib; name = InicioCollectionViewCell.xib; path = ../../../../../MiCartelera/MiCartelera/InicioCollectionViewCell.xib; sourceTree = "<group>"; };
		9ECDBC1F29351564004A4408 /* InicioCollectionViewCell.swift */ = {isa = PBXFileReference; fileEncoding = 4; lastKnownFileType = sourcecode.swift; name = InicioCollectionViewCell.swift; path = ../../../../../MiCartelera/MiCartelera/InicioCollectionViewCell.swift; sourceTree = "<group>"; };
		9ECDBC21293515AB004A4408 /* InicioViewController.swift */ = {isa = PBXFileReference; fileEncoding = 4; lastKnownFileType = sourcecode.swift; name = InicioViewController.swift; path = ../../../../../MiCartelera/MiCartelera/InicioViewController.swift; sourceTree = "<group>"; };
		9ECDBC23293515CF004A4408 /* InicioTableViewCell.swift */ = {isa = PBXFileReference; fileEncoding = 4; lastKnownFileType = sourcecode.swift; name = InicioTableViewCell.swift; path = ../../../../../MiCartelera/MiCartelera/InicioTableViewCell.swift; sourceTree = "<group>"; };
/* End PBXFileReference section */

/* Begin PBXFrameworksBuildPhase section */
		9ECDBC03293514B8004A4408 /* Frameworks */ = {
			isa = PBXFrameworksBuildPhase;
			buildActionMask = 2147483647;
			files = (
			);
			runOnlyForDeploymentPostprocessing = 0;
		};
/* End PBXFrameworksBuildPhase section */

/* Begin PBXGroup section */
		9ECDBBFD293514B8004A4408 = {
			isa = PBXGroup;
			children = (
				9ECDBC08293514B8004A4408 /* MiCartelera */,
				9ECDBC07293514B8004A4408 /* Products */,
			);
			sourceTree = "<group>";
		};
		9ECDBC07293514B8004A4408 /* Products */ = {
			isa = PBXGroup;
			children = (
				9ECDBC06293514B8004A4408 /* MiCartelera.app */,
			);
			name = Products;
			sourceTree = "<group>";
		};
		9ECDBC08293514B8004A4408 /* MiCartelera */ = {
			isa = PBXGroup;
			children = (
				9ECDBC09293514B8004A4408 /* AppDelegate.swift */,
				9ECDBC0B293514B8004A4408 /* SceneDelegate.swift */,
				9ECDBC21293515AB004A4408 /* InicioViewController.swift */,
				9ECDBC0F293514B8004A4408 /* Main.storyboard */,
				9ECDBC12293514B9004A4408 /* Assets.xcassets */,
				9ECDBC14293514B9004A4408 /* LaunchScreen.storyboard */,
				9ECDBC17293514B9004A4408 /* Info.plist */,
				9ECDBC23293515CF004A4408 /* InicioTableViewCell.swift */,
				9ECDBC1F29351564004A4408 /* InicioCollectionViewCell.swift */,
				9ECDBC1D29351555004A4408 /* InicioCollectionViewCell.xib */,
				9E7148A7293659F300DD920B /* GuardadoCollectionViewCell.swift */,
				9E7148A929365BD400DD920B /* GuardaViewController.swift */,
				9E7148AD2936734800DD920B /* MostrandoViewController.swift */,
			);
			path = MiCartelera;
			sourceTree = "<group>";
		};
/* End PBXGroup section */

/* Begin PBXNativeTarget section */
		9ECDBC05293514B8004A4408 /* MiCartelera */ = {
			isa = PBXNativeTarget;
			buildConfigurationList = 9ECDBC1A293514B9004A4408 /* Build configuration list for PBXNativeTarget "MiCartelera" */;
			buildPhases = (
				9ECDBC02293514B8004A4408 /* Sources */,
				9ECDBC03293514B8004A4408 /* Frameworks */,
				9ECDBC04293514B8004A4408 /* Resources */,
			);
			buildRules = (
			);
			dependencies = (
			);
			name = MiCartelera;
			productName = MiCartelera;
			productReference = 9ECDBC06293514B8004A4408 /* MiCartelera.app */;
			productType = "com.apple.product-type.application";
		};
/* End PBXNativeTarget section */

/* Begin PBXProject section */
		9ECDBBFE293514B8004A4408 /* Project object */ = {
			isa = PBXProject;
			attributes = {
				BuildIndependentTargetsInParallel = 1;
				LastSwiftUpdateCheck = 1410;
				LastUpgradeCheck = 1410;
				TargetAttributes = {
					9ECDBC05293514B8004A4408 = {
						CreatedOnToolsVersion = 14.1;
					};
				};
			};
			buildConfigurationList = 9ECDBC01293514B8004A4408 /* Build configuration list for PBXProject "MiCartelera" */;
			compatibilityVersion = "Xcode 14.0";
			developmentRegion = en;
			hasScannedForEncodings = 0;
			knownRegions = (
				en,
				Base,
			);
			mainGroup = 9ECDBBFD293514B8004A4408;
			productRefGroup = 9ECDBC07293514B8004A4408 /* Products */;
			projectDirPath = "";
			projectRoot = "";
			targets = (
				9ECDBC05293514B8004A4408 /* MiCartelera */,
			);
		};
/* End PBXProject section */

/* Begin PBXResourcesBuildPhase section */
		9ECDBC04293514B8004A4408 /* Resources */ = {
			isa = PBXResourcesBuildPhase;
			buildActionMask = 2147483647;
			files = (
				9ECDBC16293514B9004A4408 /* LaunchScreen.storyboard in Resources */,
				9ECDBC13293514B9004A4408 /* Assets.xcassets in Resources */,
				9ECDBC11293514B8004A4408 /* Main.storyboard in Resources */,
				9ECDBC1E29351555004A4408 /* InicioCollectionViewCell.xib in Resources */,
			);
			runOnlyForDeploymentPostprocessing = 0;
		};
/* End PBXResourcesBuildPhase section */

/* Begin PBXSourcesBuildPhase section */
		9ECDBC02293514B8004A4408 /* Sources */ = {
			isa = PBXSourcesBuildPhase;
			buildActionMask = 2147483647;
			files = (
				9E7148A8293659F300DD920B /* GuardadoCollectionViewCell.swift in Sources */,
				9ECDBC24293515CF004A4408 /* InicioTableViewCell.swift in Sources */,
				9ECDBC0A293514B8004A4408 /* AppDelegate.swift in Sources */,
				9ECDBC0C293514B8004A4408 /* SceneDelegate.swift in Sources */,
				9ECDBC2029351564004A4408 /* InicioCollectionViewCell.swift in Sources */,
				9E7148AA29365BD400DD920B /* GuardaViewController.swift in Sources */,
				9E7148AE2936734800DD920B /* MostrandoViewController.swift in Sources */,
				9ECDBC22293515AB004A4408 /* InicioViewController.swift in Sources */,
			);
			runOnlyForDeploymentPostprocessing = 0;
		};
/* End PBXSourcesBuildPhase section */

/* Begin PBXVariantGroup section */
		9ECDBC0F293514B8004A4408 /* Main.storyboard */ = {
			isa = PBXVariantGroup;
			children = (
				9ECDBC10293514B8004A4408 /* Base */,
			);
			name = Main.storyboard;
			sourceTree = "<group>";
		};
		9ECDBC14293514B9004A4408 /* LaunchScreen.storyboard */ = {
			isa = PBXVariantGroup;
			children = (
				9ECDBC15293514B9004A4408 /* Base */,
			);
			name = LaunchScreen.storyboard;
			sourceTree = "<group>";
		};
/* End PBXVariantGroup section */

/* Begin XCBuildConfiguration section */
		9ECDBC18293514B9004A4408 /* Debug */ = {
			isa = XCBuildConfiguration;
			buildSettings = {
				ALWAYS_SEARCH_USER_PATHS = NO;
				CLANG_ANALYZER_NONNULL = YES;
				CLANG_ANALYZER_NUMBER_OBJECT_CONVERSION = YES_AGGRESSIVE;
				CLANG_CXX_LANGUAGE_STANDARD = "gnu++20";
				CLANG_ENABLE_MODULES = YES;
				CLANG_ENABLE_OBJC_ARC = YES;
				CLANG_ENABLE_OBJC_WEAK = YES;
				CLANG_WARN_BLOCK_CAPTURE_AUTORELEASING = YES;
				CLANG_WARN_BOOL_CONVERSION = YES;
				CLANG_WARN_COMMA = YES;
				CLANG_WARN_CONSTANT_CONVERSION = YES;
				CLANG_WARN_DEPRECATED_OBJC_IMPLEMENTATIONS = YES;
				CLANG_WARN_DIRECT_OBJC_ISA_USAGE = YES_ERROR;
				CLANG_WARN_DOCUMENTATION_COMMENTS = YES;
				CLANG_WARN_EMPTY_BODY = YES;
				CLANG_WARN_ENUM_CONVERSION = YES;
				CLANG_WARN_INFINITE_RECURSION = YES;
				CLANG_WARN_INT_CONVERSION = YES;
				CLANG_WARN_NON_LITERAL_NULL_CONVERSION = YES;
				CLANG_WARN_OBJC_IMPLICIT_RETAIN_SELF = YES;
				CLANG_WARN_OBJC_LITERAL_CONVERSION = YES;
				CLANG_WARN_OBJC_ROOT_CLASS = YES_ERROR;
				CLANG_WARN_QUOTED_INCLUDE_IN_FRAMEWORK_HEADER = YES;
				CLANG_WARN_RANGE_LOOP_ANALYSIS = YES;
				CLANG_WARN_STRICT_PROTOTYPES = YES;
				CLANG_WARN_SUSPICIOUS_MOVE = YES;
				CLANG_WARN_UNGUARDED_AVAILABILITY = YES_AGGRESSIVE;
				CLANG_WARN_UNREACHABLE_CODE = YES;
				CLANG_WARN__DUPLICATE_METHOD_MATCH = YES;
				COPY_PHASE_STRIP = NO;
				DEBUG_INFORMATION_FORMAT = dwarf;
				ENABLE_STRICT_OBJC_MSGSEND = YES;
				ENABLE_TESTABILITY = YES;
				GCC_C_LANGUAGE_STANDARD = gnu11;
				GCC_DYNAMIC_NO_PIC = NO;
				GCC_NO_COMMON_BLOCKS = YES;
				GCC_OPTIMIZATION_LEVEL = 0;
				GCC_PREPROCESSOR_DEFINITIONS = (
					"DEBUG=1",
					"$(inherited)",
				);
				GCC_WARN_64_TO_32_BIT_CONVERSION = YES;
				GCC_WARN_ABOUT_RETURN_TYPE = YES_ERROR;
				GCC_WARN_UNDECLARED_SELECTOR = YES;
				GCC_WARN_UNINITIALIZED_AUTOS = YES_AGGRESSIVE;
				GCC_WARN_UNUSED_FUNCTION = YES;
				GCC_WARN_UNUSED_VARIABLE = YES;
				IPHONEOS_DEPLOYMENT_TARGET = 16.1;
				MTL_ENABLE_DEBUG_INFO = INCLUDE_SOURCE;
				MTL_FAST_MATH = YES;
				ONLY_ACTIVE_ARCH = YES;
				SDKROOT = iphoneos;
				SWIFT_ACTIVE_COMPILATION_CONDITIONS = DEBUG;
				SWIFT_OPTIMIZATION_LEVEL = "-Onone";
			};
			name = Debug;
		};
		9ECDBC19293514B9004A4408 /* Release */ = {
			isa = XCBuildConfiguration;
			buildSettings = {
				ALWAYS_SEARCH_USER_PATHS = NO;
				CLANG_ANALYZER_NONNULL = YES;
				CLANG_ANALYZER_NUMBER_OBJECT_CONVERSION = YES_AGGRESSIVE;
				CLANG_CXX_LANGUAGE_STANDARD = "gnu++20";
				CLANG_ENABLE_MODULES = YES;
				CLANG_ENABLE_OBJC_ARC = YES;
				CLANG_ENABLE_OBJC_WEAK = YES;
				CLANG_WARN_BLOCK_CAPTURE_AUTORELEASING = YES;
				CLANG_WARN_BOOL_CONVERSION = YES;
				CLANG_WARN_COMMA = YES;
				CLANG_WARN_CONSTANT_CONVERSION = YES;
				CLANG_WARN_DEPRECATED_OBJC_IMPLEMENTATIONS = YES;
				CLANG_WARN_DIRECT_OBJC_ISA_USAGE = YES_ERROR;
				CLANG_WARN_DOCUMENTATION_COMMENTS = YES;
				CLANG_WARN_EMPTY_BODY = YES;
				CLANG_WARN_ENUM_CONVERSION = YES;
				CLANG_WARN_INFINITE_RECURSION = YES;
				CLANG_WARN_INT_CONVERSION = YES;
				CLANG_WARN_NON_LITERAL_NULL_CONVERSION = YES;
				CLANG_WARN_OBJC_IMPLICIT_RETAIN_SELF = YES;
				CLANG_WARN_OBJC_LITERAL_CONVERSION = YES;
				CLANG_WARN_OBJC_ROOT_CLASS = YES_ERROR;
				CLANG_WARN_QUOTED_INCLUDE_IN_FRAMEWORK_HEADER = YES;
				CLANG_WARN_RANGE_LOOP_ANALYSIS = YES;
				CLANG_WARN_STRICT_PROTOTYPES = YES;
				CLANG_WARN_SUSPICIOUS_MOVE = YES;
				CLANG_WARN_UNGUARDED_AVAILABILITY = YES_AGGRESSIVE;
				CLANG_WARN_UNREACHABLE_CODE = YES;
				CLANG_WARN__DUPLICATE_METHOD_MATCH = YES;
				COPY_PHASE_STRIP = NO;
				DEBUG_INFORMATION_FORMAT = "dwarf-with-dsym";
				ENABLE_NS_ASSERTIONS = NO;
				ENABLE_STRICT_OBJC_MSGSEND = YES;
				GCC_C_LANGUAGE_STANDARD = gnu11;
				GCC_NO_COMMON_BLOCKS = YES;
				GCC_WARN_64_TO_32_BIT_CONVERSION = YES;
				GCC_WARN_ABOUT_RETURN_TYPE = YES_ERROR;
				GCC_WARN_UNDECLARED_SELECTOR = YES;
				GCC_WARN_UNINITIALIZED_AUTOS = YES_AGGRESSIVE;
				GCC_WARN_UNUSED_FUNCTION = YES;
				GCC_WARN_UNUSED_VARIABLE = YES;
				IPHONEOS_DEPLOYMENT_TARGET = 16.1;
				MTL_ENABLE_DEBUG_INFO = NO;
				MTL_FAST_MATH = YES;
				SDKROOT = iphoneos;
				SWIFT_COMPILATION_MODE = wholemodule;
				SWIFT_OPTIMIZATION_LEVEL = "-O";
				VALIDATE_PRODUCT = YES;
			};
			name = Release;
		};
		9ECDBC1B293514B9004A4408 /* Debug */ = {
			isa = XCBuildConfiguration;
			buildSettings = {
				ASSETCATALOG_COMPILER_APPICON_NAME = AppIcon;
				ASSETCATALOG_COMPILER_GLOBAL_ACCENT_COLOR_NAME = AccentColor;
				CODE_SIGN_STYLE = Automatic;
				CURRENT_PROJECT_VERSION = 1;
				DEVELOPMENT_TEAM = 67C553B83U;
				GENERATE_INFOPLIST_FILE = YES;
				INFOPLIST_FILE = MiCartelera/Info.plist;
				INFOPLIST_KEY_UIApplicationSupportsIndirectInputEvents = YES;
				INFOPLIST_KEY_UILaunchStoryboardName = LaunchScreen;
				INFOPLIST_KEY_UIMainStoryboardFile = Main;
				INFOPLIST_KEY_UISupportedInterfaceOrientations_iPad = "UIInterfaceOrientationPortrait UIInterfaceOrientationPortraitUpsideDown UIInterfaceOrientationLandscapeLeft UIInterfaceOrientationLandscapeRight";
				INFOPLIST_KEY_UISupportedInterfaceOrientations_iPhone = "UIInterfaceOrientationPortrait UIInterfaceOrientationLandscapeLeft UIInterfaceOrientationLandscapeRight";
				LD_RUNPATH_SEARCH_PATHS = (
					"$(inherited)",
					"@executable_path/Frameworks",
				);
				MARKETING_VERSION = 1.0;
				PRODUCT_BUNDLE_IDENTIFIER = pe.erinson.MiCartelera;
				PRODUCT_NAME = "$(TARGET_NAME)";
				SWIFT_EMIT_LOC_STRINGS = YES;
				SWIFT_VERSION = 5.0;
				TARGETED_DEVICE_FAMILY = "1,2";
			};
			name = Debug;
		};
		9ECDBC1C293514B9004A4408 /* Release */ = {
			isa = XCBuildConfiguration;
			buildSettings = {
				ASSETCATALOG_COMPILER_APPICON_NAME = AppIcon;
				ASSETCATALOG_COMPILER_GLOBAL_ACCENT_COLOR_NAME = AccentColor;
				CODE_SIGN_STYLE = Automatic;
				CURRENT_PROJECT_VERSION = 1;
				DEVELOPMENT_TEAM = 67C553B83U;
				GENERATE_INFOPLIST_FILE = YES;
				INFOPLIST_FILE = MiCartelera/Info.plist;
				INFOPLIST_KEY_UIApplicationSupportsIndirectInputEvents = YES;
				INFOPLIST_KEY_UILaunchStoryboardName = LaunchScreen;
				INFOPLIST_KEY_UIMainStoryboardFile = Main;
				INFOPLIST_KEY_UISupportedInterfaceOrientations_iPad = "UIInterfaceOrientationPortrait UIInterfaceOrientationPortraitUpsideDown UIInterfaceOrientationLandscapeLeft UIInterfaceOrientationLandscapeRight";
				INFOPLIST_KEY_UISupportedInterfaceOrientations_iPhone = "UIInterfaceOrientationPortrait UIInterfaceOrientationLandscapeLeft UIInterfaceOrientationLandscapeRight";
				LD_RUNPATH_SEARCH_PATHS = (
					"$(inherited)",
					"@executable_path/Frameworks",
				);
				MARKETING_VERSION = 1.0;
				PRODUCT_BUNDLE_IDENTIFIER = pe.erinson.MiCartelera;
				PRODUCT_NAME = "$(TARGET_NAME)";
				SWIFT_EMIT_LOC_STRINGS = YES;
				SWIFT_VERSION = 5.0;
				TARGETED_DEVICE_FAMILY = "1,2";
			};
			name = Release;
		};
/* End XCBuildConfiguration section */

/* Begin XCConfigurationList section */
		9ECDBC01293514B8004A4408 /* Build configuration list for PBXProject "MiCartelera" */ = {
			isa = XCConfigurationList;
			buildConfigurations = (
				9ECDBC18293514B9004A4408 /* Debug */,
				9ECDBC19293514B9004A4408 /* Release */,
			);
			defaultConfigurationIsVisible = 0;
			defaultConfigurationName = Release;
		};
		9ECDBC1A293514B9004A4408 /* Build configuration list for PBXNativeTarget "MiCartelera" */ = {
			isa = XCConfigurationList;
			buildConfigurations = (
				9ECDBC1B293514B9004A4408 /* Debug */,
				9ECDBC1C293514B9004A4408 /* Release */,
			);
			defaultConfigurationIsVisible = 0;
			defaultConfigurationName = Release;
		};
/* End XCConfigurationList section */
	};
	rootObject = 9ECDBBFE293514B8004A4408 /* Project object */;
}
